// !$*UTF8*$!
{
	archiveVersion = 1;
	classes = {
	};
	objectVersion = 56;
	objects = {

/* Begin PBXBuildFile section */
		222A67842F29BECD0008A191 /* newsinfo.swift in Sources */ = {isa = PBXBuildFile; fileRef = 222A67832F29BECD0008A191 /* newsinfo.swift */; };
		22B502D92F2076CB006537AB /* json_labApp.swift in Sources */ = {isa = PBXBuildFile; fileRef = 22B502D82F2076CB006537AB /* json_labApp.swift */; };
		22B502DD2F2076CE006537AB /* Assets.xcassets in Resources */ = {isa = PBXBuildFile; fileRef = 22B502DC2F2076CE006537AB /* Assets.xcassets */; };
		22B502E02F2076CE006537AB /* Preview Assets.xcassets in Resources */ = {isa = PBXBuildFile; fileRef = 22B502DF2F2076CE006537AB /* Preview Assets.xcassets */; };
		22B502EA2F2076CE006537AB /* json_labTests.swift in Sources */ = {isa = PBXBuildFile; fileRef = 22B502E92F2076CE006537AB /* json_labTests.swift */; };
		22B502F42F2076CE006537AB /* json_labUITests.swift in Sources */ = {isa = PBXBuildFile; fileRef = 22B502F32F2076CE006537AB /* json_labUITests.swift */; };
		22B502F62F2076CE006537AB /* json_labUITestsLaunchTests.swift in Sources */ = {isa = PBXBuildFile; fileRef = 22B502F52F2076CE006537AB /* json_labUITestsLaunchTests.swift */; };
		22B503052F207AC5006537AB /* ContentView.swift in Sources */ = {isa = PBXBuildFile; fileRef = 22B503042F20783E006537AB /* ContentView.swift */; };
		22B503062F207AE6006537AB /* UserModel.swift in Sources */ = {isa = PBXBuildFile; fileRef = 22B503032F2077D1006537AB /* UserModel.swift */; };
		22B503072F207BE6006537AB /* json_example1.json in Resources */ = {isa = PBXBuildFile; fileRef = 22B503022F20771B006537AB /* json_example1.json */; };
/* End PBXBuildFile section */

/* Begin PBXContainerItemProxy section */
		22B502E62F2076CE006537AB /* PBXContainerItemProxy */ = {
			isa = PBXContainerItemProxy;
			containerPortal = 22B502CD2F2076CB006537AB /* Project object */;
			proxyType = 1;
			remoteGlobalIDString = 22B502D42F2076CB006537AB;
			remoteInfo = json_lab;
		};
		22B502F02F2076CE006537AB /* PBXContainerItemProxy */ = {
			isa = PBXContainerItemProxy;
			containerPortal = 22B502CD2F2076CB006537AB /* Project object */;
			proxyType = 1;
			remoteGlobalIDString = 22B502D42F2076CB006537AB;
			remoteInfo = json_lab;
		};
/* End PBXContainerItemProxy section */

/* Begin PBXFileReference section */
		222A67832F29BECD0008A191 /* newsinfo.swift */ = {isa = PBXFileReference; lastKnownFileType = sourcecode.swift; path = newsinfo.swift; sourceTree = "<group>"; };
		22B502D52F2076CB006537AB /* json_lab.app */ = {isa = PBXFileReference; explicitFileType = wrapper.application; includeInIndex = 0; path = json_lab.app; sourceTree = BUILT_PRODUCTS_DIR; };
		22B502D82F2076CB006537AB /* json_labApp.swift */ = {isa = PBXFileReference; lastKnownFileType = sourcecode.swift; path = json_labApp.swift; sourceTree = "<group>"; };
		22B502DC2F2076CE006537AB /* Assets.xcassets */ = {isa = PBXFileReference; lastKnownFileType = folder.assetcatalog; path = Assets.xcassets; sourceTree = "<group>"; };
		22B502DF2F2076CE006537AB /* Preview Assets.xcassets */ = {isa = PBXFileReference; lastKnownFileType = folder.assetcatalog; path = "Preview Assets.xcassets"; sourceTree = "<group>"; };
		22B502E52F2076CE006537AB /* json_labTests.xctest */ = {isa = PBXFileReference; explicitFileType = wrapper.cfbundle; includeInIndex = 0; path = json_labTests.xctest; sourceTree = BUILT_PRODUCTS_DIR; };
		22B502E92F2076CE006537AB /* json_labTests.swift */ = {isa = PBXFileReference; lastKnownFileType = sourcecode.swift; path = json_labTests.swift; sourceTree = "<group>"; };
		22B502EF2F2076CE006537AB /* json_labUITests.xctest */ = {isa = PBXFileReference; explicitFileType = wrapper.cfbundle; includeInIndex = 0; path = json_labUITests.xctest; sourceTree = BUILT_PRODUCTS_DIR; };
		22B502F32F2076CE006537AB /* json_labUITests.swift */ = {isa = PBXFileReference; lastKnownFileType = sourcecode.swift; path = json_labUITests.swift; sourceTree = "<group>"; };
		22B502F52F2076CE006537AB /* json_labUITestsLaunchTests.swift */ = {isa = PBXFileReference; lastKnownFileType = sourcecode.swift; path = json_labUITestsLaunchTests.swift; sourceTree = "<group>"; };
		22B503022F20771B006537AB /* json_example1.json */ = {isa = PBXFileReference; explicitFileType = text.json; path = json_example1.json; sourceTree = "<group>"; };
		22B503032F2077D1006537AB /* UserModel.swift */ = {isa = PBXFileReference; lastKnownFileType = sourcecode.swift; path = UserModel.swift; sourceTree = "<group>"; };
		22B503042F20783E006537AB /* ContentView.swift */ = {isa = PBXFileReference; lastKnownFileType = sourcecode.swift; name = ContentView.swift; path = ../ContentView.swift; sourceTree = "<group>"; };
/* End PBXFileReference section */

/* Begin PBXFrameworksBuildPhase section */
		22B502D22F2076CB006537AB /* Frameworks */ = {
			isa = PBXFrameworksBuildPhase;
			buildActionMask = 2147483647;
			files = (
			);
			runOnlyForDeploymentPostprocessing = 0;
		};
		22B502E22F2076CE006537AB /* Frameworks */ = {
			isa = PBXFrameworksBuildPhase;
			buildActionMask = 2147483647;
			files = (
			);
			runOnlyForDeploymentPostprocessing = 0;
		};
		22B502EC2F2076CE006537AB /* Frameworks */ = {
			isa = PBXFrameworksBuildPhase;
			buildActionMask = 2147483647;
			files = (
			);
			runOnlyForDeploymentPostprocessing = 0;
		};
/* End PBXFrameworksBuildPhase section */

/* Begin PBXGroup section */
		22B502CC2F2076CB006537AB = {
			isa = PBXGroup;
			children = (
				22B502D72F2076CB006537AB /* json_lab */,
				22B502E82F2076CE006537AB /* json_labTests */,
				22B502F22F2076CE006537AB /* json_labUITests */,
				22B502D62F2076CB006537AB /* Products */,
			);
			sourceTree = "<group>";
		};
		22B502D62F2076CB006537AB /* Products */ = {
			isa = PBXGroup;
			children = (
				22B502D52F2076CB006537AB /* json_lab.app */,
				22B502E52F2076CE006537AB /* json_labTests.xctest */,
				22B502EF2F2076CE006537AB /* json_labUITests.xctest */,
			);
			name = Products;
			sourceTree = "<group>";
		};
		22B502D72F2076CB006537AB /* json_lab */ = {
			isa = PBXGroup;
			children = (
				22B503042F20783E006537AB /* ContentView.swift */,
				22B503022F20771B006537AB /* json_example1.json */,
				222A67832F29BECD0008A191 /* newsinfo.swift */,
				22B502D82F2076CB006537AB /* json_labApp.swift */,
				22B503032F2077D1006537AB /* UserModel.swift */,
				22B502DC2F2076CE006537AB /* Assets.xcassets */,
				22B502DE2F2076CE006537AB /* Preview Content */,
			);
			path = json_lab;
			sourceTree = "<group>";
		};
		22B502DE2F2076CE006537AB /* Preview Content */ = {
			isa = PBXGroup;
			children = (
				22B502DF2F2076CE006537AB /* Preview Assets.xcassets */,
			);
			path = "Preview Content";
			sourceTree = "<group>";
		};
		22B502E82F2076CE006537AB /* json_labTests */ = {
			isa = PBXGroup;
			children = (
				22B502E92F2076CE006537AB /* json_labTests.swift */,
			);
			path = json_labTests;
			sourceTree = "<group>";
		};
		22B502F22F2076CE006537AB /* json_labUITests */ = {
			isa = PBXGroup;
			children = (
				22B502F32F2076CE006537AB /* json_labUITests.swift */,
				22B502F52F2076CE006537AB /* json_labUITestsLaunchTests.swift */,
			);
			path = json_labUITests;
			sourceTree = "<group>";
		};
/* End PBXGroup section */

/* Begin PBXNativeTarget section */
		22B502D42F2076CB006537AB /* json_lab */ = {
			isa = PBXNativeTarget;
			buildConfigurationList = 22B502F92F2076CE006537AB /* Build configuration list for PBXNativeTarget "json_lab" */;
			buildPhases = (
				22B502D12F2076CB006537AB /* Sources */,
				22B502D22F2076CB006537AB /* Frameworks */,
				22B502D32F2076CB006537AB /* Resources */,
			);
			buildRules = (
			);
			dependencies = (
			);
			name = json_lab;
			productName = json_lab;
			productReference = 22B502D52F2076CB006537AB /* json_lab.app */;
			productType = "com.apple.product-type.application";
		};
		22B502E42F2076CE006537AB /* json_labTests */ = {
			isa = PBXNativeTarget;
			buildConfigurationList = 22B502FC2F2076CE006537AB /* Build configuration list for PBXNativeTarget "json_labTests" */;
			buildPhases = (
				22B502E12F2076CE006537AB /* Sources */,
				22B502E22F2076CE006537AB /* Frameworks */,
				22B502E32F2076CE006537AB /* Resources */,
			);
			buildRules = (
			);
			dependencies = (
				22B502E72F2076CE006537AB /* PBXTargetDependency */,
			);
			name = json_labTests;
			productName = json_labTests;
			productReference = 22B502E52F2076CE006537AB /* json_labTests.xctest */;
			productType = "com.apple.product-type.bundle.unit-test";
		};
		22B502EE2F2076CE006537AB /* json_labUITests */ = {
			isa = PBXNativeTarget;
			buildConfigurationList = 22B502FF2F2076CE006537AB /* Build configuration list for PBXNativeTarget "json_labUITests" */;
			buildPhases = (
				22B502EB2F2076CE006537AB /* Sources */,
				22B502EC2F2076CE006537AB /* Frameworks */,
				22B502ED2F2076CE006537AB /* Resources */,
			);
			buildRules = (
			);
			dependencies = (
				22B502F12F2076CE006537AB /* PBXTargetDependency */,
			);
			name = json_labUITests;
			productName = json_labUITests;
			productReference = 22B502EF2F2076CE006537AB /* json_labUITests.xctest */;
			productType = "com.apple.product-type.bundle.ui-testing";
		};
/* End PBXNativeTarget section */

/* Begin PBXProject section */
		22B502CD2F2076CB006537AB /* Project object */ = {
			isa = PBXProject;
			attributes = {
				BuildIndependentTargetsInParallel = 1;
				LastSwiftUpdateCheck = 1410;
				LastUpgradeCheck = 1410;
				TargetAttributes = {
					22B502D42F2076CB006537AB = {
						CreatedOnToolsVersion = 14.1;
					};
					22B502E42F2076CE006537AB = {
						CreatedOnToolsVersion = 14.1;
						TestTargetID = 22B502D42F2076CB006537AB;
					};
					22B502EE2F2076CE006537AB = {
						CreatedOnToolsVersion = 14.1;
						TestTargetID = 22B502D42F2076CB006537AB;
					};
				};
			};
			buildConfigurationList = 22B502D02F2076CB006537AB /* Build configuration list for PBXProject "json_lab" */;
			compatibilityVersion = "Xcode 14.0";
			developmentRegion = en;
			hasScannedForEncodings = 0;
			knownRegions = (
				en,
				Base,
			);
			mainGroup = 22B502CC2F2076CB006537AB;
			productRefGroup = 22B502D62F2076CB006537AB /* Products */;
			projectDirPath = "";
			projectRoot = "";
			targets = (
				22B502D42F2076CB006537AB /* json_lab */,
				22B502E42F2076CE006537AB /* json_labTests */,
				22B502EE2F2076CE006537AB /* json_labUITests */,
			);
		};
/* End PBXProject section */

/* Begin PBXResourcesBuildPhase section */
		22B502D32F2076CB006537AB /* Resources */ = {
			isa = PBXResourcesBuildPhase;
			buildActionMask = 2147483647;
			files = (
				22B503072F207BE6006537AB /* json_example1.json in Resources */,
				22B502E02F2076CE006537AB /* Preview Assets.xcassets in Resources */,
				22B502DD2F2076CE006537AB /* Assets.xcassets in Resources */,
			);
			runOnlyForDeploymentPostprocessing = 0;
		};
		22B502E32F2076CE006537AB /* Resources */ = {
			isa = PBXResourcesBuildPhase;
			buildActionMask = 2147483647;
			files = (
			);
			runOnlyForDeploymentPostprocessing = 0;
		};
		22B502ED2F2076CE006537AB /* Resources */ = {
			isa = PBXResourcesBuildPhase;
			buildActionMask = 2147483647;
			files = (
			);
			runOnlyForDeploymentPostprocessing = 0;
		};
/* End PBXResourcesBuildPhase section */

/* Begin PBXSourcesBuildPhase section */
		22B502D12F2076CB006537AB /* Sources */ = {
			isa = PBXSourcesBuildPhase;
			buildActionMask = 2147483647;
			files = (
				22B503052F207AC5006537AB /* ContentView.swift in Sources */,
				22B503062F207AE6006537AB /* UserModel.swift in Sources */,
				222A67842F29BECD0008A191 /* newsinfo.swift in Sources */,
				22B502D92F2076CB006537AB /* json_labApp.swift in Sources */,
			);
			runOnlyForDeploymentPostprocessing = 0;
		};
		22B502E12F2076CE006537AB /* Sources */ = {
			isa = PBXSourcesBuildPhase;
			buildActionMask = 2147483647;
			files = (
				22B502EA2F2076CE006537AB /* json_labTests.swift in Sources */,
			);
			runOnlyForDeploymentPostprocessing = 0;
		};
		22B502EB2F2076CE006537AB /* Sources */ = {
			isa = PBXSourcesBuildPhase;
			buildActionMask = 2147483647;
			files = (
				22B502F62F2076CE006537AB /* json_labUITestsLaunchTests.swift in Sources */,
				22B502F42F2076CE006537AB /* json_labUITests.swift in Sources */,
			);
			runOnlyForDeploymentPostprocessing = 0;
		};
/* End PBXSourcesBuildPhase section */

/* Begin PBXTargetDependency section */
		22B502E72F2076CE006537AB /* PBXTargetDependency */ = {
			isa = PBXTargetDependency;
			target = 22B502D42F2076CB006537AB /* json_lab */;
			targetProxy = 22B502E62F2076CE006537AB /* PBXContainerItemProxy */;
		};
		22B502F12F2076CE006537AB /* PBXTargetDependency */ = {
			isa = PBXTargetDependency;
			target = 22B502D42F2076CB006537AB /* json_lab */;
			targetProxy = 22B502F02F2076CE006537AB /* PBXContainerItemProxy */;
		};
/* End PBXTargetDependency section */

/* Begin XCBuildConfiguration section */
		22B502F72F2076CE006537AB /* Debug */ = {
			isa = XCBuildConfiguration;
			buildSettings = {
				ALWAYS_SEARCH_USER_PATHS = NO;
				CLANG_ANALYZER_NONNULL = YES;
				CLANG_ANALYZER_NUMBER_OBJECT_CONVERSION = YES_AGGRESSIVE;
				CLANG_CXX_LANGUAGE_STANDARD = "gnu++20";
				CLANG_ENABLE_MODULES = YES;
				CLANG_ENABLE_OBJC_ARC = YES;
				CLANG_ENABLE_OBJC_WEAK = YES;
				CLANG_WARN_BLOCK_CAPTURE_AUTORELEASING = YES;
				CLANG_WARN_BOOL_CONVERSION = YES;
				CLANG_WARN_COMMA = YES;
				CLANG_WARN_CONSTANT_CONVERSION = YES;
				CLANG_WARN_DEPRECATED_OBJC_IMPLEMENTATIONS = YES;
				CLANG_WARN_DIRECT_OBJC_ISA_USAGE = YES_ERROR;
				CLANG_WARN_DOCUMENTATION_COMMENTS = YES;
				CLANG_WARN_EMPTY_BODY = YES;
				CLANG_WARN_ENUM_CONVERSION = YES;
				CLANG_WARN_INFINITE_RECURSION = YES;
				CLANG_WARN_INT_CONVERSION = YES;
				CLANG_WARN_NON_LITERAL_NULL_CONVERSION = YES;
				CLANG_WARN_OBJC_IMPLICIT_RETAIN_SELF = YES;
				CLANG_WARN_OBJC_LITERAL_CONVERSION = YES;
				CLANG_WARN_OBJC_ROOT_CLASS = YES_ERROR;
				CLANG_WARN_QUOTED_INCLUDE_IN_FRAMEWORK_HEADER = YES;
				CLANG_WARN_RANGE_LOOP_ANALYSIS = YES;
				CLANG_WARN_STRICT_PROTOTYPES = YES;
				CLANG_WARN_SUSPICIOUS_MOVE = YES;
				CLANG_WARN_UNGUARDED_AVAILABILITY = YES_AGGRESSIVE;
				CLANG_WARN_UNREACHABLE_CODE = YES;
				CLANG_WARN__DUPLICATE_METHOD_MATCH = YES;
				COPY_PHASE_STRIP = NO;
				DEBUG_INFORMATION_FORMAT = dwarf;
				ENABLE_STRICT_OBJC_MSGSEND = YES;
				ENABLE_TESTABILITY = YES;
				GCC_C_LANGUAGE_STANDARD = gnu11;
				GCC_DYNAMIC_NO_PIC = NO;
				GCC_NO_COMMON_BLOCKS = YES;
				GCC_OPTIMIZATION_LEVEL = 0;
				GCC_PREPROCESSOR_DEFINITIONS = (
					"DEBUG=1",
					"$(inherited)",
				);
				GCC_WARN_64_TO_32_BIT_CONVERSION = YES;
				GCC_WARN_ABOUT_RETURN_TYPE = YES_ERROR;
				GCC_WARN_UNDECLARED_SELECTOR = YES;
				GCC_WARN_UNINITIALIZED_AUTOS = YES_AGGRESSIVE;
				GCC_WARN_UNUSED_FUNCTION = YES;
				GCC_WARN_UNUSED_VARIABLE = YES;
				IPHONEOS_DEPLOYMENT_TARGET = 16.1;
				MTL_ENABLE_DEBUG_INFO = INCLUDE_SOURCE;
				MTL_FAST_MATH = YES;
				ONLY_ACTIVE_ARCH = YES;
				SDKROOT = iphoneos;
				SWIFT_ACTIVE_COMPILATION_CONDITIONS = DEBUG;
				SWIFT_OPTIMIZATION_LEVEL = "-Onone";
			};
			name = Debug;
		};
		22B502F82F2076CE006537AB /* Release */ = {
			isa = XCBuildConfiguration;
			buildSettings = {
				ALWAYS_SEARCH_USER_PATHS = NO;
				CLANG_ANALYZER_NONNULL = YES;
				CLANG_ANALYZER_NUMBER_OBJECT_CONVERSION = YES_AGGRESSIVE;
				CLANG_CXX_LANGUAGE_STANDARD = "gnu++20";
				CLANG_ENABLE_MODULES = YES;
				CLANG_ENABLE_OBJC_ARC = YES;
				CLANG_ENABLE_OBJC_WEAK = YES;
				CLANG_WARN_BLOCK_CAPTURE_AUTORELEASING = YES;
				CLANG_WARN_BOOL_CONVERSION = YES;
				CLANG_WARN_COMMA = YES;
				CLANG_WARN_CONSTANT_CONVERSION = YES;
				CLANG_WARN_DEPRECATED_OBJC_IMPLEMENTATIONS = YES;
				CLANG_WARN_DIRECT_OBJC_ISA_USAGE = YES_ERROR;
				CLANG_WARN_DOCUMENTATION_COMMENTS = YES;
				CLANG_WARN_EMPTY_BODY = YES;
				CLANG_WARN_ENUM_CONVERSION = YES;
				CLANG_WARN_INFINITE_RECURSION = YES;
				CLANG_WARN_INT_CONVERSION = YES;
				CLANG_WARN_NON_LITERAL_NULL_CONVERSION = YES;
				CLANG_WARN_OBJC_IMPLICIT_RETAIN_SELF = YES;
				CLANG_WARN_OBJC_LITERAL_CONVERSION = YES;
				CLANG_WARN_OBJC_ROOT_CLASS = YES_ERROR;
				CLANG_WARN_QUOTED_INCLUDE_IN_FRAMEWORK_HEADER = YES;
				CLANG_WARN_RANGE_LOOP_ANALYSIS = YES;
				CLANG_WARN_STRICT_PROTOTYPES = YES;
				CLANG_WARN_SUSPICIOUS_MOVE = YES;
				CLANG_WARN_UNGUARDED_AVAILABILITY = YES_AGGRESSIVE;
				CLANG_WARN_UNREACHABLE_CODE = YES;
				CLANG_WARN__DUPLICATE_METHOD_MATCH = YES;
				COPY_PHASE_STRIP = NO;
				DEBUG_INFORMATION_FORMAT = "dwarf-with-dsym";
				ENABLE_NS_ASSERTIONS = NO;
				ENABLE_STRICT_OBJC_MSGSEND = YES;
				GCC_C_LANGUAGE_STANDARD = gnu11;
				GCC_NO_COMMON_BLOCKS = YES;
				GCC_WARN_64_TO_32_BIT_CONVERSION = YES;
				GCC_WARN_ABOUT_RETURN_TYPE = YES_ERROR;
				GCC_WARN_UNDECLARED_SELECTOR = YES;
				GCC_WARN_UNINITIALIZED_AUTOS = YES_AGGRESSIVE;
				GCC_WARN_UNUSED_FUNCTION = YES;
				GCC_WARN_UNUSED_VARIABLE = YES;
				IPHONEOS_DEPLOYMENT_TARGET = 16.1;
				MTL_ENABLE_DEBUG_INFO = NO;
				MTL_FAST_MATH = YES;
				SDKROOT = iphoneos;
				SWIFT_COMPILATION_MODE = wholemodule;
				SWIFT_OPTIMIZATION_LEVEL = "-O";
				VALIDATE_PRODUCT = YES;
			};
			name = Release;
		};
		22B502FA2F2076CE006537AB /* Debug */ = {
			isa = XCBuildConfiguration;
			buildSettings = {
				ASSETCATALOG_COMPILER_APPICON_NAME = AppIcon;
				ASSETCATALOG_COMPILER_GLOBAL_ACCENT_COLOR_NAME = AccentColor;
				CODE_SIGN_STYLE = Automatic;
				CURRENT_PROJECT_VERSION = 1;
				DEVELOPMENT_ASSET_PATHS = "\"json_lab/Preview Content\"";
				ENABLE_PREVIEWS = YES;
				GENERATE_INFOPLIST_FILE = YES;
				INFOPLIST_KEY_UIApplicationSceneManifest_Generation = YES;
				INFOPLIST_KEY_UIApplicationSupportsIndirectInputEvents = YES;
				INFOPLIST_KEY_UILaunchScreen_Generation = YES;
				INFOPLIST_KEY_UISupportedInterfaceOrientations_iPad = "UIInterfaceOrientationPortrait UIInterfaceOrientationPortraitUpsideDown UIInterfaceOrientationLandscapeLeft UIInterfaceOrientationLandscapeRight";
				INFOPLIST_KEY_UISupportedInterfaceOrientations_iPhone = "UIInterfaceOrientationPortrait UIInterfaceOrientationLandscapeLeft UIInterfaceOrientationLandscapeRight";
				LD_RUNPATH_SEARCH_PATHS = (
					"$(inherited)",
					"@executable_path/Frameworks",
				);
				MARKETING_VERSION = 1.0;
				PRODUCT_BUNDLE_IDENTIFIER = "bhai-brother.json-lab";
				PRODUCT_NAME = "$(TARGET_NAME)";
				SWIFT_EMIT_LOC_STRINGS = YES;
				SWIFT_VERSION = 5.0;
				TARGETED_DEVICE_FAMILY = "1,2";
			};
			name = Debug;
		};
		22B502FB2F2076CE006537AB /* Release */ = {
			isa = XCBuildConfiguration;
			buildSettings = {
				ASSETCATALOG_COMPILER_APPICON_NAME = AppIcon;
				ASSETCATALOG_COMPILER_GLOBAL_ACCENT_COLOR_NAME = AccentColor;
				CODE_SIGN_STYLE = Automatic;
				CURRENT_PROJECT_VERSION = 1;
				DEVELOPMENT_ASSET_PATHS = "\"json_lab/Preview Content\"";
				ENABLE_PREVIEWS = YES;
				GENERATE_INFOPLIST_FILE = YES;
				INFOPLIST_KEY_UIApplicationSceneManifest_Generation = YES;
				INFOPLIST_KEY_UIApplicationSupportsIndirectInputEvents = YES;
				INFOPLIST_KEY_UILaunchScreen_Generation = YES;
				INFOPLIST_KEY_UISupportedInterfaceOrientations_iPad = "UIInterfaceOrientationPortrait UIInterfaceOrientationPortraitUpsideDown UIInterfaceOrientationLandscapeLeft UIInterfaceOrientationLandscapeRight";
				INFOPLIST_KEY_UISupportedInterfaceOrientations_iPhone = "UIInterfaceOrientationPortrait UIInterfaceOrientationLandscapeLeft UIInterfaceOrientationLandscapeRight";
				LD_RUNPATH_SEARCH_PATHS = (
					"$(inherited)",
					"@executable_path/Frameworks",
				);
				MARKETING_VERSION = 1.0;
				PRODUCT_BUNDLE_IDENTIFIER = "bhai-brother.json-lab";
				PRODUCT_NAME = "$(TARGET_NAME)";
				SWIFT_EMIT_LOC_STRINGS = YES;
				SWIFT_VERSION = 5.0;
				TARGETED_DEVICE_FAMILY = "1,2";
			};
			name = Release;
		};
		22B502FD2F2076CE006537AB /* Debug */ = {
			isa = XCBuildConfiguration;
			buildSettings = {
				ALWAYS_EMBED_SWIFT_STANDARD_LIBRARIES = YES;
				BUNDLE_LOADER = "$(TEST_HOST)";
				CODE_SIGN_STYLE = Automatic;
				CURRENT_PROJECT_VERSION = 1;
				GENERATE_INFOPLIST_FILE = YES;
				IPHONEOS_DEPLOYMENT_TARGET = 16.1;
				MARKETING_VERSION = 1.0;
				PRODUCT_BUNDLE_IDENTIFIER = "bhai-brother.json-labTests";
				PRODUCT_NAME = "$(TARGET_NAME)";
				SWIFT_EMIT_LOC_STRINGS = NO;
				SWIFT_VERSION = 5.0;
				TARGETED_DEVICE_FAMILY = "1,2";
				TEST_HOST = "$(BUILT_PRODUCTS_DIR)/json_lab.app/$(BUNDLE_EXECUTABLE_FOLDER_PATH)/json_lab";
			};
			name = Debug;
		};
		22B502FE2F2076CE006537AB /* Release */ = {
			isa = XCBuildConfiguration;
			buildSettings = {
				ALWAYS_EMBED_SWIFT_STANDARD_LIBRARIES = YES;
				BUNDLE_LOADER = "$(TEST_HOST)";
				CODE_SIGN_STYLE = Automatic;
				CURRENT_PROJECT_VERSION = 1;
				GENERATE_INFOPLIST_FILE = YES;
				IPHONEOS_DEPLOYMENT_TARGET = 16.1;
				MARKETING_VERSION = 1.0;
				PRODUCT_BUNDLE_IDENTIFIER = "bhai-brother.json-labTests";
				PRODUCT_NAME = "$(TARGET_NAME)";
				SWIFT_EMIT_LOC_STRINGS = NO;
				SWIFT_VERSION = 5.0;
				TARGETED_DEVICE_FAMILY = "1,2";
				TEST_HOST = "$(BUILT_PRODUCTS_DIR)/json_lab.app/$(BUNDLE_EXECUTABLE_FOLDER_PATH)/json_lab";
			};
			name = Release;
		};
		22B503002F2076CE006537AB /* Debug */ = {
			isa = XCBuildConfiguration;
			buildSettings = {
				ALWAYS_EMBED_SWIFT_STANDARD_LIBRARIES = YES;
				CODE_SIGN_STYLE = Automatic;
				CURRENT_PROJECT_VERSION = 1;
				GENERATE_INFOPLIST_FILE = YES;
				MARKETING_VERSION = 1.0;
				PRODUCT_BUNDLE_IDENTIFIER = "bhai-brother.json-labUITests";
				PRODUCT_NAME = "$(TARGET_NAME)";
				SWIFT_EMIT_LOC_STRINGS = NO;
				SWIFT_VERSION = 5.0;
				TARGETED_DEVICE_FAMILY = "1,2";
				TEST_TARGET_NAME = json_lab;
			};
			name = Debug;
		};
		22B503012F2076CE006537AB /* Release */ = {
			isa = XCBuildConfiguration;
			buildSettings = {
				ALWAYS_EMBED_SWIFT_STANDARD_LIBRARIES = YES;
				CODE_SIGN_STYLE = Automatic;
				CURRENT_PROJECT_VERSION = 1;
				GENERATE_INFOPLIST_FILE = YES;
				MARKETING_VERSION = 1.0;
				PRODUCT_BUNDLE_IDENTIFIER = "bhai-brother.json-labUITests";
				PRODUCT_NAME = "$(TARGET_NAME)";
				SWIFT_EMIT_LOC_STRINGS = NO;
				SWIFT_VERSION = 5.0;
				TARGETED_DEVICE_FAMILY = "1,2";
				TEST_TARGET_NAME = json_lab;
			};
			name = Release;
		};
/* End XCBuildConfiguration section */

/* Begin XCConfigurationList section */
		22B502D02F2076CB006537AB /* Build configuration list for PBXProject "json_lab" */ = {
			isa = XCConfigurationList;
			buildConfigurations = (
				22B502F72F2076CE006537AB /* Debug */,
				22B502F82F2076CE006537AB /* Release */,
			);
			defaultConfigurationIsVisible = 0;
			defaultConfigurationName = Release;
		};
		22B502F92F2076CE006537AB /* Build configuration list for PBXNativeTarget "json_lab" */ = {
			isa = XCConfigurationList;
			buildConfigurations = (
				22B502FA2F2076CE006537AB /* Debug */,
				22B502FB2F2076CE006537AB /* Release */,
			);
			defaultConfigurationIsVisible = 0;
			defaultConfigurationName = Release;
		};
		22B502FC2F2076CE006537AB /* Build configuration list for PBXNativeTarget "json_labTests" */ = {
			isa = XCConfigurationList;
			buildConfigurations = (
				22B502FD2F2076CE006537AB /* Debug */,
				22B502FE2F2076CE006537AB /* Release */,
			);
			defaultConfigurationIsVisible = 0;
			defaultConfigurationName = Release;
		};
		22B502FF2F2076CE006537AB /* Build configuration list for PBXNativeTarget "json_labUITests" */ = {
			isa = XCConfigurationList;
			buildConfigurations = (
				22B503002F2076CE006537AB /* Debug */,
				22B503012F2076CE006537AB /* Release */,
			);
			defaultConfigurationIsVisible = 0;
			defaultConfigurationName = Release;
		};
/* End XCConfigurationList section */
	};
	rootObject = 22B502CD2F2076CB006537AB /* Project object */;
}
